
Microsoft Visual Studio Solution File, Format Version 10.00
# Visual Studio 2008
Project("{8BC9CEB8-8B4A-11D0-8D11-00A0C91BC942}") = "Query", "Query\Query.vcproj", "{A4CDE0DE-71E6-4863-BFCB-D6862CC5357C}"
EndProject
Project("{8BC9CEB8-8B4A-11D0-8D11-00A0C91BC942}") = "SMDataExtraction", "..\SMDataExtraction\SMDataExtraction\SMDataExtraction.vcproj", "{50979506-563B-4551-BD67-ADE0C594AC71}"
EndProject
Global
	GlobalSection(SolutionConfigurationPlatforms) = preSolution
		Debug|Win32 = Debug|Win32
		Release|Win32 = Release|Win32
	EndGlobalSection
	GlobalSection(ProjectConfigurationPlatforms) = postSolution
		{A4CDE0DE-71E6-4863-BFCB-D6862CC5357C}.Debug|Win32.ActiveCfg = Debug|Win32
		{A4CDE0DE-71E6-4863-BFCB-D6862CC5357C}.Debug|Win32.Build.0 = Debug|Win32
		{A4CDE0DE-71E6-4863-BFCB-D6862CC5357C}.Release|Win32.ActiveCfg = Release|Win32
		{A4CDE0DE-71E6-4863-BFCB-D6862CC5357C}.Release|Win32.Build.0 = Release|Win32
		{50979506-563B-4551-BD67-ADE0C594AC71}.Debug|Win32.ActiveCfg = Debug|Win32
		{50979506-563B-4551-BD67-ADE0C594AC71}.Debug|Win32.Build.0 = Debug|Win32
		{50979506-563B-4551-BD67-ADE0C594AC71}.Release|Win32.ActiveCfg = Release|Win32
		{50979506-563B-4551-BD67-ADE0C594AC71}.Release|Win32.Build.0 = Release|Win32
	EndGlobalSection
	GlobalSection(SolutionProperties) = preSolution
		HideSolutionNode = FALSE
	EndGlobalSection
EndGlobal
