
Microsoft Visual Studio Solution File, Format Version 10.00
# Visual Studio 2008
Project("{8BC9CEB8-8B4A-11D0-8D11-00A0C91BC942}") = "SMDataExtraction", "SMDataExtraction\SMDataExtraction.vcproj", "{50979506-563B-4551-BD67-ADE0C594AC71}"
EndProject
Project("{8BC9CEB8-8B4A-11D0-8D11-00A0C91BC942}") = "TestSMDataExtraction", "TestSMDataExtraction\TestSMDataExtraction.vcproj", "{244D1DE1-5CF1-4083-8A87-8A65E59D2077}"
EndProject
Project("{8BC9CEB8-8B4A-11D0-8D11-00A0C91BC942}") = "SMCompression", "WAHArray\WAHArray.vcproj", "{D9B5D438-1911-4782-9BCD-9990879FCB10}"
EndProject
Project("{8BC9CEB8-8B4A-11D0-8D11-00A0C91BC942}") = "Algorithm", "Algorithm\Algorithm.vcproj", "{F620090B-9EA5-403B-9E7F-8B2161D30968}"
EndProject
Project("{8BC9CEB8-8B4A-11D0-8D11-00A0C91BC942}") = "TestSMCompression", "TestWAH\TestWAH.vcproj", "{046A723D-5CFB-452E-A05A-EC8DEAD96933}"
EndProject
Project("{8BC9CEB8-8B4A-11D0-8D11-00A0C91BC942}") = "TestAlgorithm", "TestAlgorithm\TestAlgorithm.vcproj", "{D604D30C-D929-4E83-8B3D-2570633EA89F}"
EndProject
Project("{8BC9CEB8-8B4A-11D0-8D11-00A0C91BC942}") = "dll", "dll\dll.vcproj", "{1BF44EB1-E02B-4F85-BC0F-33AAC503BA13}"
EndProject
Project("{8BC9CEB8-8B4A-11D0-8D11-00A0C91BC942}") = "Bitvector", "Bitvector\Bitvector.vcproj", "{A547FC85-6CD9-41E7-B825-38F3B5F9F254}"
EndProject
Project("{8BC9CEB8-8B4A-11D0-8D11-00A0C91BC942}") = "SeedMinerGUI", "SEEDMinerGUIApplication\SEEDMinerGUIApplication.vcproj", "{BEB96C13-8383-4921-97B2-1DDEB06727D8}"
EndProject
Project("{8BC9CEB8-8B4A-11D0-8D11-00A0C91BC942}") = "FlexVCBridgeStaticLib", "FlexVCBridgeStaticLib\FlexVCBridgeStaticLib.vcproj", "{51CFA071-AE41-44EF-B94C-8AD67A02A50D}"
EndProject
Global
	GlobalSection(SolutionConfigurationPlatforms) = preSolution
		Debug|Win32 = Debug|Win32
		Release|Win32 = Release|Win32
	EndGlobalSection
	GlobalSection(ProjectConfigurationPlatforms) = postSolution
		{50979506-563B-4551-BD67-ADE0C594AC71}.Debug|Win32.ActiveCfg = Debug|Win32
		{50979506-563B-4551-BD67-ADE0C594AC71}.Debug|Win32.Build.0 = Debug|Win32
		{50979506-563B-4551-BD67-ADE0C594AC71}.Release|Win32.ActiveCfg = Release|Win32
		{50979506-563B-4551-BD67-ADE0C594AC71}.Release|Win32.Build.0 = Release|Win32
		{244D1DE1-5CF1-4083-8A87-8A65E59D2077}.Debug|Win32.ActiveCfg = Debug|Win32
		{244D1DE1-5CF1-4083-8A87-8A65E59D2077}.Debug|Win32.Build.0 = Debug|Win32
		{244D1DE1-5CF1-4083-8A87-8A65E59D2077}.Release|Win32.ActiveCfg = Release|Win32
		{244D1DE1-5CF1-4083-8A87-8A65E59D2077}.Release|Win32.Build.0 = Release|Win32
		{D9B5D438-1911-4782-9BCD-9990879FCB10}.Debug|Win32.ActiveCfg = Debug|Win32
		{D9B5D438-1911-4782-9BCD-9990879FCB10}.Debug|Win32.Build.0 = Debug|Win32
		{D9B5D438-1911-4782-9BCD-9990879FCB10}.Release|Win32.ActiveCfg = Release|Win32
		{D9B5D438-1911-4782-9BCD-9990879FCB10}.Release|Win32.Build.0 = Release|Win32
		{F620090B-9EA5-403B-9E7F-8B2161D30968}.Debug|Win32.ActiveCfg = Debug|Win32
		{F620090B-9EA5-403B-9E7F-8B2161D30968}.Debug|Win32.Build.0 = Debug|Win32
		{F620090B-9EA5-403B-9E7F-8B2161D30968}.Release|Win32.ActiveCfg = Release|Win32
		{F620090B-9EA5-403B-9E7F-8B2161D30968}.Release|Win32.Build.0 = Release|Win32
		{046A723D-5CFB-452E-A05A-EC8DEAD96933}.Debug|Win32.ActiveCfg = Debug|Win32
		{046A723D-5CFB-452E-A05A-EC8DEAD96933}.Debug|Win32.Build.0 = Debug|Win32
		{046A723D-5CFB-452E-A05A-EC8DEAD96933}.Release|Win32.ActiveCfg = Release|Win32
		{046A723D-5CFB-452E-A05A-EC8DEAD96933}.Release|Win32.Build.0 = Release|Win32
		{D604D30C-D929-4E83-8B3D-2570633EA89F}.Debug|Win32.ActiveCfg = Debug|Win32
		{D604D30C-D929-4E83-8B3D-2570633EA89F}.Debug|Win32.Build.0 = Debug|Win32
		{D604D30C-D929-4E83-8B3D-2570633EA89F}.Release|Win32.ActiveCfg = Release|Win32
		{D604D30C-D929-4E83-8B3D-2570633EA89F}.Release|Win32.Build.0 = Release|Win32
		{1BF44EB1-E02B-4F85-BC0F-33AAC503BA13}.Debug|Win32.ActiveCfg = Debug|Win32
		{1BF44EB1-E02B-4F85-BC0F-33AAC503BA13}.Debug|Win32.Build.0 = Debug|Win32
		{1BF44EB1-E02B-4F85-BC0F-33AAC503BA13}.Release|Win32.ActiveCfg = Release|Win32
		{1BF44EB1-E02B-4F85-BC0F-33AAC503BA13}.Release|Win32.Build.0 = Release|Win32
		{A547FC85-6CD9-41E7-B825-38F3B5F9F254}.Debug|Win32.ActiveCfg = Debug|Win32
		{A547FC85-6CD9-41E7-B825-38F3B5F9F254}.Debug|Win32.Build.0 = Debug|Win32
		{A547FC85-6CD9-41E7-B825-38F3B5F9F254}.Release|Win32.ActiveCfg = Release|Win32
		{A547FC85-6CD9-41E7-B825-38F3B5F9F254}.Release|Win32.Build.0 = Release|Win32
		{BEB96C13-8383-4921-97B2-1DDEB06727D8}.Debug|Win32.ActiveCfg = Debug|Win32
		{BEB96C13-8383-4921-97B2-1DDEB06727D8}.Debug|Win32.Build.0 = Debug|Win32
		{BEB96C13-8383-4921-97B2-1DDEB06727D8}.Release|Win32.ActiveCfg = Release|Win32
		{BEB96C13-8383-4921-97B2-1DDEB06727D8}.Release|Win32.Build.0 = Release|Win32
		{51CFA071-AE41-44EF-B94C-8AD67A02A50D}.Debug|Win32.ActiveCfg = Debug|Win32
		{51CFA071-AE41-44EF-B94C-8AD67A02A50D}.Debug|Win32.Build.0 = Debug|Win32
		{51CFA071-AE41-44EF-B94C-8AD67A02A50D}.Release|Win32.ActiveCfg = Release|Win32
		{51CFA071-AE41-44EF-B94C-8AD67A02A50D}.Release|Win32.Build.0 = Release|Win32
	EndGlobalSection
	GlobalSection(SolutionProperties) = preSolution
		HideSolutionNode = FALSE
	EndGlobalSection
	GlobalSection(ExtensibilityGlobals) = postSolution
		AMDCaProjectFile = D:\MyDocuments\Visual Studio 2008\Projects\SMDataExtraction\CodeAnalyst\SMDataExtraction.caw
	EndGlobalSection
EndGlobal
