<?xml version="1.0" encoding="utf-8"?>
<Project ToolsVersion="4.0" xmlns="http://schemas.microsoft.com/developer/msbuild/2003">
  <ItemGroup>
    <Filter Include="Header Files">
      <UniqueIdentifier>{93995380-89BD-4b04-88EB-625FBE52EBFB}</UniqueIdentifier>
      <Extensions>h;hpp;hxx;hm;inl;inc;xsd</Extensions>
    </Filter>
    <Filter Include="Resource Files">
      <UniqueIdentifier>{67DA6AB6-F800-4c08-8B7A-83BB121AAD01}</UniqueIdentifier>
      <Extensions>rc;ico;cur;bmp;dlg;rc2;rct;bin;rgs;gif;jpg;jpeg;jpe;resx;tiff;tif;png;wav</Extensions>
    </Filter>
    <Filter Include="Source Files">
      <UniqueIdentifier>{4FC737F1-C7A5-4376-A066-2A32D752A2FF}</UniqueIdentifier>
      <Extensions>cpp;c;cc;cxx;def;odl;idl;hpj;bat;asm;asmx</Extensions>
    </Filter>
  </ItemGroup>
  <ItemGroup>
    <ClCompile Include="AttributeInfo.cc">
      <Filter>Source Files</Filter>
    </ClCompile>
    <ClCompile Include="CatAttributeInfo.cc">
      <Filter>Source Files</Filter>
    </ClCompile>
    <ClCompile Include="DoubleAttributeInfo.cc">
      <Filter>Source Files</Filter>
    </ClCompile>
    <ClCompile Include="IntAttributeInfo.cc">
      <Filter>Source Files</Filter>
    </ClCompile>
    <ClCompile Include="MultiCatAttributeInfo.cc">
      <Filter>Source Files</Filter>
    </ClCompile>
    <ClCompile Include="PTreeInfo.cc">
      <Filter>Source Files</Filter>
    </ClCompile>
    <ClCompile Include="SignDoubleAttributeInfo.cc">
      <Filter>Source Files</Filter>
    </ClCompile>
    <ClCompile Include="SignIntAttributeInfo.cc">
      <Filter>Source Files</Filter>
    </ClCompile>
    <ClCompile Include="SingCatAttributeInfo.cc">
      <Filter>Source Files</Filter>
    </ClCompile>
    <ClCompile Include="SkipAttributeInfo.cc">
      <Filter>Source Files</Filter>
    </ClCompile>
    <ClCompile Include="UsignDoubleAttributeInfo.cc">
      <Filter>Source Files</Filter>
    </ClCompile>
    <ClCompile Include="UsignIntAttributeInfo.cc">
      <Filter>Source Files</Filter>
    </ClCompile>
  </ItemGroup>
  <ItemGroup>
    <ClInclude Include="AttributeInfo.h">
      <Filter>Header Files</Filter>
    </ClInclude>
    <ClInclude Include="CatAttributeInfo.h">
      <Filter>Header Files</Filter>
    </ClInclude>
    <ClInclude Include="DoubleAttributeInfo.h">
      <Filter>Header Files</Filter>
    </ClInclude>
    <ClInclude Include="IntAttributeInfo.h">
      <Filter>Header Files</Filter>
    </ClInclude>
    <ClInclude Include="MultiCatAttributeInfo.h">
      <Filter>Header Files</Filter>
    </ClInclude>
    <ClInclude Include="PTreeInfo.h">
      <Filter>Header Files</Filter>
    </ClInclude>
    <ClInclude Include="SignDoubleAttributeInfo.h">
      <Filter>Header Files</Filter>
    </ClInclude>
    <ClInclude Include="SignIntAttributeInfo.h">
      <Filter>Header Files</Filter>
    </ClInclude>
    <ClInclude Include="SingCatAttributeInfo.h">
      <Filter>Header Files</Filter>
    </ClInclude>
    <ClInclude Include="SkipAttributeInfo.h">
      <Filter>Header Files</Filter>
    </ClInclude>
    <ClInclude Include="UsignDoubleAttributeInfo.h">
      <Filter>Header Files</Filter>
    </ClInclude>
    <ClInclude Include="UsignIntAttributeInfo.h">
      <Filter>Header Files</Filter>
    </ClInclude>
  </ItemGroup>
</Project>